Microsoft Visual Studio Solution File, Format Version 12.00
# Visual Studio Version 17
VisualStudioVersion = 17.5.2.0
MinimumVisualStudioVersion = 10.0.40219.1
Project("{2150E333-8FDC-42A3-9474-1A3956D46DE8}") = "SimBridger-Main", "SimBridger-Main", "{72437B29-84D2-D7E7-959A-2BBB38D7E3D8}"
EndProject
Project("{FAE04EC0-301F-11D3-BF4B-00C04F79EFBC}") = "SimBridgerMain", "SimBridger-Main\SimBridgerMain.csproj", "{D6D75DBA-8FC6-D78C-88C9-F5B371A069ED}"
EndProject
Global
	GlobalSection(SolutionConfigurationPlatforms) = preSolution
		Debug|Any CPU = Debug|Any CPU
		Release|Any CPU = Release|Any CPU
	EndGlobalSection
	GlobalSection(ProjectConfigurationPlatforms) = postSolution
		{D6D75DBA-8FC6-D78C-88C9-F5B371A069ED}.Debug|Any CPU.ActiveCfg = Debug|Any CPU
		{D6D75DBA-8FC6-D78C-88C9-F5B371A069ED}.Debug|Any CPU.Build.0 = Debug|Any CPU
		{D6D75DBA-8FC6-D78C-88C9-F5B371A069ED}.Release|Any CPU.ActiveCfg = Release|Any CPU
		{D6D75DBA-8FC6-D78C-88C9-F5B371A069ED}.Release|Any CPU.Build.0 = Release|Any CPU
	EndGlobalSection
	GlobalSection(SolutionProperties) = preSolution
		HideSolutionNode = FALSE
	EndGlobalSection
	GlobalSection(NestedProjects) = preSolution
		{D6D75DBA-8FC6-D78C-88C9-F5B371A069ED} = {72437B29-84D2-D7E7-959A-2BBB38D7E3D8}
	EndGlobalSection
	GlobalSection(ExtensibilityGlobals) = postSolution
		SolutionGuid = {C4FC7EF3-70FC-4CF1-A2CE-B8F48B49CBDA}
	EndGlobalSection
EndGlobal
